// !$*UTF8*$!
{
	archiveVersion = 1;
	classes = {
	};
	objectVersion = 46;
	objects = {

/* Begin PBXBuildFile section */
		29CD313B1A6B699300BF10B0 /* main.cpp in Sources */ = {isa = PBXBuildFile; fileRef = 29CD313A1A6B699300BF10B0 /* main.cpp */; };
		29CD31421A6B69E700BF10B0 /* GLUT.framework in Frameworks */ = {isa = PBXBuildFile; fileRef = 29CD31411A6B69E700BF10B0 /* GLUT.framework */; };
		29CD31441A6B69EE00BF10B0 /* OpenGL.framework in Frameworks */ = {isa = PBXBuildFile; fileRef = 29CD31431A6B69EE00BF10B0 /* OpenGL.framework */; };
/* End PBXBuildFile section */

/* Begin PBXCopyFilesBuildPhase section */
		29CD31351A6B699300BF10B0 /* CopyFiles */ = {
			isa = PBXCopyFilesBuildPhase;
			buildActionMask = 2147483647;
			dstPath = /usr/share/man/man1/;
			dstSubfolderSpec = 0;
			files = (
			);
			runOnlyForDeploymentPostprocessing = 1;
		};
/* End PBXCopyFilesBuildPhase section */

/* Begin PBXFileReference section */
		29CD31371A6B699300BF10B0 /* BOUNCE */ = {isa = PBXFileReference; explicitFileType = "compiled.mach-o.executable"; includeInIndex = 0; path = BOUNCE; sourceTree = BUILT_PRODUCTS_DIR; };
		29CD313A1A6B699300BF10B0 /* main.cpp */ = {isa = PBXFileReference; lastKnownFileType = sourcecode.cpp.cpp; path = main.cpp; sourceTree = "<group>"; };
		29CD31411A6B69E700BF10B0 /* GLUT.framework */ = {isa = PBXFileReference; lastKnownFileType = wrapper.framework; name = GLUT.framework; path = System/Library/Frameworks/GLUT.framework; sourceTree = SDKROOT; };
		29CD31431A6B69EE00BF10B0 /* OpenGL.framework */ = {isa = PBXFileReference; lastKnownFileType = wrapper.framework; name = OpenGL.framework; path = System/Library/Frameworks/OpenGL.framework; sourceTree = SDKROOT; };
/* End PBXFileReference section */

/* Begin PBXFrameworksBuildPhase section */
		29CD31341A6B699300BF10B0 /* Frameworks */ = {
			isa = PBXFrameworksBuildPhase;
			buildActionMask = 2147483647;
			files = (
				29CD31441A6B69EE00BF10B0 /* OpenGL.framework in Frameworks */,
				29CD31421A6B69E700BF10B0 /* GLUT.framework in Frameworks */,
			);
			runOnlyForDeploymentPostprocessing = 0;
		};
/* End PBXFrameworksBuildPhase section */

/* Begin PBXGroup section */
		29CD312E1A6B699300BF10B0 = {
			isa = PBXGroup;
			children = (
				29CD31431A6B69EE00BF10B0 /* OpenGL.framework */,
				29CD31411A6B69E700BF10B0 /* GLUT.framework */,
				29CD31391A6B699300BF10B0 /* BOUNCE */,
				29CD31381A6B699300BF10B0 /* Products */,
			);
			sourceTree = "<group>";
		};
		29CD31381A6B699300BF10B0 /* Products */ = {
			isa = PBXGroup;
			children = (
				29CD31371A6B699300BF10B0 /* BOUNCE */,
			);
			name = Products;
			sourceTree = "<group>";
		};
		29CD31391A6B699300BF10B0 /* BOUNCE */ = {
			isa = PBXGroup;
			children = (
				29CD313A1A6B699300BF10B0 /* main.cpp */,
			);
			path = BOUNCE;
			sourceTree = "<group>";
		};
/* End PBXGroup section */

/* Begin PBXNativeTarget section */
		29CD31361A6B699300BF10B0 /* BOUNCE */ = {
			isa = PBXNativeTarget;
			buildConfigurationList = 29CD313E1A6B699300BF10B0 /* Build configuration list for PBXNativeTarget "BOUNCE" */;
			buildPhases = (
				29CD31331A6B699300BF10B0 /* Sources */,
				29CD31341A6B699300BF10B0 /* Frameworks */,
				29CD31351A6B699300BF10B0 /* CopyFiles */,
			);
			buildRules = (
			);
			dependencies = (
			);
			name = BOUNCE;
			productName = BOUNCE;
			productReference = 29CD31371A6B699300BF10B0 /* BOUNCE */;
			productType = "com.apple.product-type.tool";
		};
/* End PBXNativeTarget section */

/* Begin PBXProject section */
		29CD312F1A6B699300BF10B0 /* Project object */ = {
			isa = PBXProject;
			attributes = {
				LastUpgradeCheck = 0610;
				TargetAttributes = {
					29CD31361A6B699300BF10B0 = {
						CreatedOnToolsVersion = 6.1.1;
					};
				};
			};
			buildConfigurationList = 29CD31321A6B699300BF10B0 /* Build configuration list for PBXProject "BOUNCE" */;
			compatibilityVersion = "Xcode 3.2";
			developmentRegion = English;
			hasScannedForEncodings = 0;
			knownRegions = (
				en,
			);
			mainGroup = 29CD312E1A6B699300BF10B0;
			productRefGroup = 29CD31381A6B699300BF10B0 /* Products */;
			projectDirPath = "";
			projectRoot = "";
			targets = (
				29CD31361A6B699300BF10B0 /* BOUNCE */,
			);
		};
/* End PBXProject section */

/* Begin PBXSourcesBuildPhase section */
		29CD31331A6B699300BF10B0 /* Sources */ = {
			isa = PBXSourcesBuildPhase;
			buildActionMask = 2147483647;
			files = (
				29CD313B1A6B699300BF10B0 /* main.cpp in Sources */,
			);
			runOnlyForDeploymentPostprocessing = 0;
		};
/* End PBXSourcesBuildPhase section */

/* Begin XCBuildConfiguration section */
		29CD313C1A6B699300BF10B0 /* Debug */ = {
			isa = XCBuildConfiguration;
			buildSettings = {
				ALWAYS_SEARCH_USER_PATHS = NO;
				CLANG_CXX_LANGUAGE_STANDARD = "gnu++0x";
				CLANG_CXX_LIBRARY = "libc++";
				CLANG_ENABLE_MODULES = YES;
				CLANG_ENABLE_OBJC_ARC = YES;
				CLANG_WARN_BOOL_CONVERSION = YES;
				CLANG_WARN_CONSTANT_CONVERSION = YES;
				CLANG_WARN_DIRECT_OBJC_ISA_USAGE = YES_ERROR;
				CLANG_WARN_EMPTY_BODY = YES;
				CLANG_WARN_ENUM_CONVERSION = YES;
				CLANG_WARN_INT_CONVERSION = YES;
				CLANG_WARN_OBJC_ROOT_CLASS = YES_ERROR;
				CLANG_WARN_UNREACHABLE_CODE = YES;
				CLANG_WARN__DUPLICATE_METHOD_MATCH = YES;
				COPY_PHASE_STRIP = NO;
				ENABLE_STRICT_OBJC_MSGSEND = YES;
				GCC_C_LANGUAGE_STANDARD = gnu99;
				GCC_DYNAMIC_NO_PIC = NO;
				GCC_OPTIMIZATION_LEVEL = 0;
				GCC_PREPROCESSOR_DEFINITIONS = (
					"DEBUG=1",
					"$(inherited)",
				);
				GCC_SYMBOLS_PRIVATE_EXTERN = NO;
				GCC_WARN_64_TO_32_BIT_CONVERSION = YES;
				GCC_WARN_ABOUT_RETURN_TYPE = YES_ERROR;
				GCC_WARN_UNDECLARED_SELECTOR = YES;
				GCC_WARN_UNINITIALIZED_AUTOS = YES_AGGRESSIVE;
				GCC_WARN_UNUSED_FUNCTION = YES;
				GCC_WARN_UNUSED_VARIABLE = YES;
				MACOSX_DEPLOYMENT_TARGET = 10.10;
				MTL_ENABLE_DEBUG_INFO = YES;
				ONLY_ACTIVE_ARCH = YES;
				SDKROOT = macosx;
			};
			name = Debug;
		};
		29CD313D1A6B699300BF10B0 /* Release */ = {
			isa = XCBuildConfiguration;
			buildSettings = {
				ALWAYS_SEARCH_USER_PATHS = NO;
				CLANG_CXX_LANGUAGE_STANDARD = "gnu++0x";
				CLANG_CXX_LIBRARY = "libc++";
				CLANG_ENABLE_MODULES = YES;
				CLANG_ENABLE_OBJC_ARC = YES;
				CLANG_WARN_BOOL_CONVERSION = YES;
				CLANG_WARN_CONSTANT_CONVERSION = YES;
				CLANG_WARN_DIRECT_OBJC_ISA_USAGE = YES_ERROR;
				CLANG_WARN_EMPTY_BODY = YES;
				CLANG_WARN_ENUM_CONVERSION = YES;
				CLANG_WARN_INT_CONVERSION = YES;
				CLANG_WARN_OBJC_ROOT_CLASS = YES_ERROR;
				CLANG_WARN_UNREACHABLE_CODE = YES;
				CLANG_WARN__DUPLICATE_METHOD_MATCH = YES;
				COPY_PHASE_STRIP = YES;
				DEBUG_INFORMATION_FORMAT = "dwarf-with-dsym";
				ENABLE_NS_ASSERTIONS = NO;
				ENABLE_STRICT_OBJC_MSGSEND = YES;
				GCC_C_LANGUAGE_STANDARD = gnu99;
				GCC_WARN_64_TO_32_BIT_CONVERSION = YES;
				GCC_WARN_ABOUT_RETURN_TYPE = YES_ERROR;
				GCC_WARN_UNDECLARED_SELECTOR = YES;
				GCC_WARN_UNINITIALIZED_AUTOS = YES_AGGRESSIVE;
				GCC_WARN_UNUSED_FUNCTION = YES;
				GCC_WARN_UNUSED_VARIABLE = YES;
				MACOSX_DEPLOYMENT_TARGET = 10.10;
				MTL_ENABLE_DEBUG_INFO = NO;
				SDKROOT = macosx;
			};
			name = Release;
		};
		29CD313F1A6B699300BF10B0 /* Debug */ = {
			isa = XCBuildConfiguration;
			buildSettings = {
				INSTALL_PATH = /;
				PRODUCT_NAME = "$(TARGET_NAME)";
			};
			name = Debug;
		};
		29CD31401A6B699300BF10B0 /* Release */ = {
			isa = XCBuildConfiguration;
			buildSettings = {
				INSTALL_PATH = /;
				PRODUCT_NAME = "$(TARGET_NAME)";
			};
			name = Release;
		};
/* End XCBuildConfiguration section */

/* Begin XCConfigurationList section */
		29CD31321A6B699300BF10B0 /* Build configuration list for PBXProject "BOUNCE" */ = {
			isa = XCConfigurationList;
			buildConfigurations = (
				29CD313C1A6B699300BF10B0 /* Debug */,
				29CD313D1A6B699300BF10B0 /* Release */,
			);
			defaultConfigurationIsVisible = 0;
			defaultConfigurationName = Release;
		};
		29CD313E1A6B699300BF10B0 /* Build configuration list for PBXNativeTarget "BOUNCE" */ = {
			isa = XCConfigurationList;
			buildConfigurations = (
				29CD313F1A6B699300BF10B0 /* Debug */,
				29CD31401A6B699300BF10B0 /* Release */,
			);
			defaultConfigurationIsVisible = 0;
		};
/* End XCConfigurationList section */
	};
	rootObject = 29CD312F1A6B699300BF10B0 /* Project object */;
}
