// !$*UTF8*$!
{
	archiveVersion = 1;
	classes = {
	};
	objectVersion = 46;
	objects = {

/* Begin PBXBuildFile section */
		291D03F51A74CA0B009DC302 /* main.cpp in Sources */ = {isa = PBXBuildFile; fileRef = 291D03F41A74CA0B009DC302 /* main.cpp */; };
		291D03FC1A74CC62009DC302 /* OpenGL.framework in Frameworks */ = {isa = PBXBuildFile; fileRef = 291D03FB1A74CC62009DC302 /* OpenGL.framework */; };
		291D03FE1A74CC6D009DC302 /* GLUT.framework in Frameworks */ = {isa = PBXBuildFile; fileRef = 291D03FD1A74CC6D009DC302 /* GLUT.framework */; };
/* End PBXBuildFile section */

/* Begin PBXCopyFilesBuildPhase section */
		291D03EF1A74CA0B009DC302 /* CopyFiles */ = {
			isa = PBXCopyFilesBuildPhase;
			buildActionMask = 2147483647;
			dstPath = /usr/share/man/man1/;
			dstSubfolderSpec = 0;
			files = (
			);
			runOnlyForDeploymentPostprocessing = 1;
		};
/* End PBXCopyFilesBuildPhase section */

/* Begin PBXFileReference section */
		291D03F11A74CA0B009DC302 /* Atom */ = {isa = PBXFileReference; explicitFileType = "compiled.mach-o.executable"; includeInIndex = 0; path = Atom; sourceTree = BUILT_PRODUCTS_DIR; };
		291D03F41A74CA0B009DC302 /* main.cpp */ = {isa = PBXFileReference; lastKnownFileType = sourcecode.cpp.cpp; path = main.cpp; sourceTree = "<group>"; };
		291D03FB1A74CC62009DC302 /* OpenGL.framework */ = {isa = PBXFileReference; lastKnownFileType = wrapper.framework; name = OpenGL.framework; path = System/Library/Frameworks/OpenGL.framework; sourceTree = SDKROOT; };
		291D03FD1A74CC6D009DC302 /* GLUT.framework */ = {isa = PBXFileReference; lastKnownFileType = wrapper.framework; name = GLUT.framework; path = System/Library/Frameworks/GLUT.framework; sourceTree = SDKROOT; };
/* End PBXFileReference section */

/* Begin PBXFrameworksBuildPhase section */
		291D03EE1A74CA0B009DC302 /* Frameworks */ = {
			isa = PBXFrameworksBuildPhase;
			buildActionMask = 2147483647;
			files = (
				291D03FE1A74CC6D009DC302 /* GLUT.framework in Frameworks */,
				291D03FC1A74CC62009DC302 /* OpenGL.framework in Frameworks */,
			);
			runOnlyForDeploymentPostprocessing = 0;
		};
/* End PBXFrameworksBuildPhase section */

/* Begin PBXGroup section */
		291D03E81A74CA0B009DC302 = {
			isa = PBXGroup;
			children = (
				291D03FD1A74CC6D009DC302 /* GLUT.framework */,
				291D03FB1A74CC62009DC302 /* OpenGL.framework */,
				291D03F31A74CA0B009DC302 /* Atom */,
				291D03F21A74CA0B009DC302 /* Products */,
			);
			sourceTree = "<group>";
		};
		291D03F21A74CA0B009DC302 /* Products */ = {
			isa = PBXGroup;
			children = (
				291D03F11A74CA0B009DC302 /* Atom */,
			);
			name = Products;
			sourceTree = "<group>";
		};
		291D03F31A74CA0B009DC302 /* Atom */ = {
			isa = PBXGroup;
			children = (
				291D03F41A74CA0B009DC302 /* main.cpp */,
			);
			path = Atom;
			sourceTree = "<group>";
		};
/* End PBXGroup section */

/* Begin PBXNativeTarget section */
		291D03F01A74CA0B009DC302 /* Atom */ = {
			isa = PBXNativeTarget;
			buildConfigurationList = 291D03F81A74CA0B009DC302 /* Build configuration list for PBXNativeTarget "Atom" */;
			buildPhases = (
				291D03ED1A74CA0B009DC302 /* Sources */,
				291D03EE1A74CA0B009DC302 /* Frameworks */,
				291D03EF1A74CA0B009DC302 /* CopyFiles */,
			);
			buildRules = (
			);
			dependencies = (
			);
			name = Atom;
			productName = Atom;
			productReference = 291D03F11A74CA0B009DC302 /* Atom */;
			productType = "com.apple.product-type.tool";
		};
/* End PBXNativeTarget section */

/* Begin PBXProject section */
		291D03E91A74CA0B009DC302 /* Project object */ = {
			isa = PBXProject;
			attributes = {
				LastUpgradeCheck = 0610;
				ORGANIZATIONNAME = "关峰";
				TargetAttributes = {
					291D03F01A74CA0B009DC302 = {
						CreatedOnToolsVersion = 6.1.1;
					};
				};
			};
			buildConfigurationList = 291D03EC1A74CA0B009DC302 /* Build configuration list for PBXProject "Atom" */;
			compatibilityVersion = "Xcode 3.2";
			developmentRegion = English;
			hasScannedForEncodings = 0;
			knownRegions = (
				en,
			);
			mainGroup = 291D03E81A74CA0B009DC302;
			productRefGroup = 291D03F21A74CA0B009DC302 /* Products */;
			projectDirPath = "";
			projectRoot = "";
			targets = (
				291D03F01A74CA0B009DC302 /* Atom */,
			);
		};
/* End PBXProject section */

/* Begin PBXSourcesBuildPhase section */
		291D03ED1A74CA0B009DC302 /* Sources */ = {
			isa = PBXSourcesBuildPhase;
			buildActionMask = 2147483647;
			files = (
				291D03F51A74CA0B009DC302 /* main.cpp in Sources */,
			);
			runOnlyForDeploymentPostprocessing = 0;
		};
/* End PBXSourcesBuildPhase section */

/* Begin XCBuildConfiguration section */
		291D03F61A74CA0B009DC302 /* Debug */ = {
			isa = XCBuildConfiguration;
			buildSettings = {
				ALWAYS_SEARCH_USER_PATHS = NO;
				CLANG_CXX_LANGUAGE_STANDARD = "gnu++0x";
				CLANG_CXX_LIBRARY = "libc++";
				CLANG_ENABLE_MODULES = YES;
				CLANG_ENABLE_OBJC_ARC = YES;
				CLANG_WARN_BOOL_CONVERSION = YES;
				CLANG_WARN_CONSTANT_CONVERSION = YES;
				CLANG_WARN_DIRECT_OBJC_ISA_USAGE = YES_ERROR;
				CLANG_WARN_EMPTY_BODY = YES;
				CLANG_WARN_ENUM_CONVERSION = YES;
				CLANG_WARN_INT_CONVERSION = YES;
				CLANG_WARN_OBJC_ROOT_CLASS = YES_ERROR;
				CLANG_WARN_UNREACHABLE_CODE = YES;
				CLANG_WARN__DUPLICATE_METHOD_MATCH = YES;
				COPY_PHASE_STRIP = NO;
				ENABLE_STRICT_OBJC_MSGSEND = YES;
				GCC_C_LANGUAGE_STANDARD = gnu99;
				GCC_DYNAMIC_NO_PIC = NO;
				GCC_OPTIMIZATION_LEVEL = 0;
				GCC_PREPROCESSOR_DEFINITIONS = (
					"DEBUG=1",
					"$(inherited)",
				);
				GCC_SYMBOLS_PRIVATE_EXTERN = NO;
				GCC_WARN_64_TO_32_BIT_CONVERSION = YES;
				GCC_WARN_ABOUT_RETURN_TYPE = YES_ERROR;
				GCC_WARN_UNDECLARED_SELECTOR = YES;
				GCC_WARN_UNINITIALIZED_AUTOS = YES_AGGRESSIVE;
				GCC_WARN_UNUSED_FUNCTION = YES;
				GCC_WARN_UNUSED_VARIABLE = YES;
				MACOSX_DEPLOYMENT_TARGET = 10.10;
				MTL_ENABLE_DEBUG_INFO = YES;
				ONLY_ACTIVE_ARCH = YES;
				SDKROOT = macosx;
			};
			name = Debug;
		};
		291D03F71A74CA0B009DC302 /* Release */ = {
			isa = XCBuildConfiguration;
			buildSettings = {
				ALWAYS_SEARCH_USER_PATHS = NO;
				CLANG_CXX_LANGUAGE_STANDARD = "gnu++0x";
				CLANG_CXX_LIBRARY = "libc++";
				CLANG_ENABLE_MODULES = YES;
				CLANG_ENABLE_OBJC_ARC = YES;
				CLANG_WARN_BOOL_CONVERSION = YES;
				CLANG_WARN_CONSTANT_CONVERSION = YES;
				CLANG_WARN_DIRECT_OBJC_ISA_USAGE = YES_ERROR;
				CLANG_WARN_EMPTY_BODY = YES;
				CLANG_WARN_ENUM_CONVERSION = YES;
				CLANG_WARN_INT_CONVERSION = YES;
				CLANG_WARN_OBJC_ROOT_CLASS = YES_ERROR;
				CLANG_WARN_UNREACHABLE_CODE = YES;
				CLANG_WARN__DUPLICATE_METHOD_MATCH = YES;
				COPY_PHASE_STRIP = YES;
				DEBUG_INFORMATION_FORMAT = "dwarf-with-dsym";
				ENABLE_NS_ASSERTIONS = NO;
				ENABLE_STRICT_OBJC_MSGSEND = YES;
				GCC_C_LANGUAGE_STANDARD = gnu99;
				GCC_WARN_64_TO_32_BIT_CONVERSION = YES;
				GCC_WARN_ABOUT_RETURN_TYPE = YES_ERROR;
				GCC_WARN_UNDECLARED_SELECTOR = YES;
				GCC_WARN_UNINITIALIZED_AUTOS = YES_AGGRESSIVE;
				GCC_WARN_UNUSED_FUNCTION = YES;
				GCC_WARN_UNUSED_VARIABLE = YES;
				MACOSX_DEPLOYMENT_TARGET = 10.10;
				MTL_ENABLE_DEBUG_INFO = NO;
				SDKROOT = macosx;
			};
			name = Release;
		};
		291D03F91A74CA0B009DC302 /* Debug */ = {
			isa = XCBuildConfiguration;
			buildSettings = {
				INSTALL_PATH = /;
				PRODUCT_NAME = "$(TARGET_NAME)";
			};
			name = Debug;
		};
		291D03FA1A74CA0B009DC302 /* Release */ = {
			isa = XCBuildConfiguration;
			buildSettings = {
				INSTALL_PATH = /;
				PRODUCT_NAME = "$(TARGET_NAME)";
			};
			name = Release;
		};
/* End XCBuildConfiguration section */

/* Begin XCConfigurationList section */
		291D03EC1A74CA0B009DC302 /* Build configuration list for PBXProject "Atom" */ = {
			isa = XCConfigurationList;
			buildConfigurations = (
				291D03F61A74CA0B009DC302 /* Debug */,
				291D03F71A74CA0B009DC302 /* Release */,
			);
			defaultConfigurationIsVisible = 0;
			defaultConfigurationName = Release;
		};
		291D03F81A74CA0B009DC302 /* Build configuration list for PBXNativeTarget "Atom" */ = {
			isa = XCConfigurationList;
			buildConfigurations = (
				291D03F91A74CA0B009DC302 /* Debug */,
				291D03FA1A74CA0B009DC302 /* Release */,
			);
			defaultConfigurationIsVisible = 0;
		};
/* End XCConfigurationList section */
	};
	rootObject = 291D03E91A74CA0B009DC302 /* Project object */;
}
