// !$*UTF8*$!
{
	archiveVersion = 1;
	classes = {
	};
	objectVersion = 46;
	objects = {

/* Begin PBXBuildFile section */
		2961CD811A696F380051DF06 /* main.cpp in Sources */ = {isa = PBXBuildFile; fileRef = 2961CD801A696F380051DF06 /* main.cpp */; };
		2961CD881A696F5D0051DF06 /* OpenGL.framework in Frameworks */ = {isa = PBXBuildFile; fileRef = 2961CD871A696F5D0051DF06 /* OpenGL.framework */; };
		2961CD8A1A696F630051DF06 /* GLUT.framework in Frameworks */ = {isa = PBXBuildFile; fileRef = 2961CD891A696F630051DF06 /* GLUT.framework */; };
/* End PBXBuildFile section */

/* Begin PBXCopyFilesBuildPhase section */
		2961CD7B1A696F380051DF06 /* CopyFiles */ = {
			isa = PBXCopyFilesBuildPhase;
			buildActionMask = 2147483647;
			dstPath = /usr/share/man/man1/;
			dstSubfolderSpec = 0;
			files = (
			);
			runOnlyForDeploymentPostprocessing = 1;
		};
/* End PBXCopyFilesBuildPhase section */

/* Begin PBXFileReference section */
		2961CD7D1A696F380051DF06 /* GLRect */ = {isa = PBXFileReference; explicitFileType = "compiled.mach-o.executable"; includeInIndex = 0; path = GLRect; sourceTree = BUILT_PRODUCTS_DIR; };
		2961CD801A696F380051DF06 /* main.cpp */ = {isa = PBXFileReference; lastKnownFileType = sourcecode.cpp.cpp; path = main.cpp; sourceTree = "<group>"; };
		2961CD871A696F5D0051DF06 /* OpenGL.framework */ = {isa = PBXFileReference; lastKnownFileType = wrapper.framework; name = OpenGL.framework; path = System/Library/Frameworks/OpenGL.framework; sourceTree = SDKROOT; };
		2961CD891A696F630051DF06 /* GLUT.framework */ = {isa = PBXFileReference; lastKnownFileType = wrapper.framework; name = GLUT.framework; path = System/Library/Frameworks/GLUT.framework; sourceTree = SDKROOT; };
/* End PBXFileReference section */

/* Begin PBXFrameworksBuildPhase section */
		2961CD7A1A696F380051DF06 /* Frameworks */ = {
			isa = PBXFrameworksBuildPhase;
			buildActionMask = 2147483647;
			files = (
				2961CD8A1A696F630051DF06 /* GLUT.framework in Frameworks */,
				2961CD881A696F5D0051DF06 /* OpenGL.framework in Frameworks */,
			);
			runOnlyForDeploymentPostprocessing = 0;
		};
/* End PBXFrameworksBuildPhase section */

/* Begin PBXGroup section */
		2961CD741A696F380051DF06 = {
			isa = PBXGroup;
			children = (
				2961CD891A696F630051DF06 /* GLUT.framework */,
				2961CD871A696F5D0051DF06 /* OpenGL.framework */,
				2961CD7F1A696F380051DF06 /* GLRect */,
				2961CD7E1A696F380051DF06 /* Products */,
			);
			sourceTree = "<group>";
		};
		2961CD7E1A696F380051DF06 /* Products */ = {
			isa = PBXGroup;
			children = (
				2961CD7D1A696F380051DF06 /* GLRect */,
			);
			name = Products;
			sourceTree = "<group>";
		};
		2961CD7F1A696F380051DF06 /* GLRect */ = {
			isa = PBXGroup;
			children = (
				2961CD801A696F380051DF06 /* main.cpp */,
			);
			path = GLRect;
			sourceTree = "<group>";
		};
/* End PBXGroup section */

/* Begin PBXNativeTarget section */
		2961CD7C1A696F380051DF06 /* GLRect */ = {
			isa = PBXNativeTarget;
			buildConfigurationList = 2961CD841A696F380051DF06 /* Build configuration list for PBXNativeTarget "GLRect" */;
			buildPhases = (
				2961CD791A696F380051DF06 /* Sources */,
				2961CD7A1A696F380051DF06 /* Frameworks */,
				2961CD7B1A696F380051DF06 /* CopyFiles */,
			);
			buildRules = (
			);
			dependencies = (
			);
			name = GLRect;
			productName = GLRect;
			productReference = 2961CD7D1A696F380051DF06 /* GLRect */;
			productType = "com.apple.product-type.tool";
		};
/* End PBXNativeTarget section */

/* Begin PBXProject section */
		2961CD751A696F380051DF06 /* Project object */ = {
			isa = PBXProject;
			attributes = {
				LastUpgradeCheck = 0610;
				ORGANIZATIONNAME = "关峰";
				TargetAttributes = {
					2961CD7C1A696F380051DF06 = {
						CreatedOnToolsVersion = 6.1.1;
					};
				};
			};
			buildConfigurationList = 2961CD781A696F380051DF06 /* Build configuration list for PBXProject "GLRect" */;
			compatibilityVersion = "Xcode 3.2";
			developmentRegion = English;
			hasScannedForEncodings = 0;
			knownRegions = (
				en,
			);
			mainGroup = 2961CD741A696F380051DF06;
			productRefGroup = 2961CD7E1A696F380051DF06 /* Products */;
			projectDirPath = "";
			projectRoot = "";
			targets = (
				2961CD7C1A696F380051DF06 /* GLRect */,
			);
		};
/* End PBXProject section */

/* Begin PBXSourcesBuildPhase section */
		2961CD791A696F380051DF06 /* Sources */ = {
			isa = PBXSourcesBuildPhase;
			buildActionMask = 2147483647;
			files = (
				2961CD811A696F380051DF06 /* main.cpp in Sources */,
			);
			runOnlyForDeploymentPostprocessing = 0;
		};
/* End PBXSourcesBuildPhase section */

/* Begin XCBuildConfiguration section */
		2961CD821A696F380051DF06 /* Debug */ = {
			isa = XCBuildConfiguration;
			buildSettings = {
				ALWAYS_SEARCH_USER_PATHS = NO;
				CLANG_CXX_LANGUAGE_STANDARD = "gnu++0x";
				CLANG_CXX_LIBRARY = "libc++";
				CLANG_ENABLE_MODULES = YES;
				CLANG_ENABLE_OBJC_ARC = YES;
				CLANG_WARN_BOOL_CONVERSION = YES;
				CLANG_WARN_CONSTANT_CONVERSION = YES;
				CLANG_WARN_DIRECT_OBJC_ISA_USAGE = YES_ERROR;
				CLANG_WARN_EMPTY_BODY = YES;
				CLANG_WARN_ENUM_CONVERSION = YES;
				CLANG_WARN_INT_CONVERSION = YES;
				CLANG_WARN_OBJC_ROOT_CLASS = YES_ERROR;
				CLANG_WARN_UNREACHABLE_CODE = YES;
				CLANG_WARN__DUPLICATE_METHOD_MATCH = YES;
				COPY_PHASE_STRIP = NO;
				ENABLE_STRICT_OBJC_MSGSEND = YES;
				GCC_C_LANGUAGE_STANDARD = gnu99;
				GCC_DYNAMIC_NO_PIC = NO;
				GCC_OPTIMIZATION_LEVEL = 0;
				GCC_PREPROCESSOR_DEFINITIONS = (
					"DEBUG=1",
					"$(inherited)",
				);
				GCC_SYMBOLS_PRIVATE_EXTERN = NO;
				GCC_WARN_64_TO_32_BIT_CONVERSION = YES;
				GCC_WARN_ABOUT_RETURN_TYPE = YES_ERROR;
				GCC_WARN_UNDECLARED_SELECTOR = YES;
				GCC_WARN_UNINITIALIZED_AUTOS = YES_AGGRESSIVE;
				GCC_WARN_UNUSED_FUNCTION = YES;
				GCC_WARN_UNUSED_VARIABLE = YES;
				MACOSX_DEPLOYMENT_TARGET = 10.10;
				MTL_ENABLE_DEBUG_INFO = YES;
				ONLY_ACTIVE_ARCH = YES;
				SDKROOT = macosx;
			};
			name = Debug;
		};
		2961CD831A696F380051DF06 /* Release */ = {
			isa = XCBuildConfiguration;
			buildSettings = {
				ALWAYS_SEARCH_USER_PATHS = NO;
				CLANG_CXX_LANGUAGE_STANDARD = "gnu++0x";
				CLANG_CXX_LIBRARY = "libc++";
				CLANG_ENABLE_MODULES = YES;
				CLANG_ENABLE_OBJC_ARC = YES;
				CLANG_WARN_BOOL_CONVERSION = YES;
				CLANG_WARN_CONSTANT_CONVERSION = YES;
				CLANG_WARN_DIRECT_OBJC_ISA_USAGE = YES_ERROR;
				CLANG_WARN_EMPTY_BODY = YES;
				CLANG_WARN_ENUM_CONVERSION = YES;
				CLANG_WARN_INT_CONVERSION = YES;
				CLANG_WARN_OBJC_ROOT_CLASS = YES_ERROR;
				CLANG_WARN_UNREACHABLE_CODE = YES;
				CLANG_WARN__DUPLICATE_METHOD_MATCH = YES;
				COPY_PHASE_STRIP = YES;
				DEBUG_INFORMATION_FORMAT = "dwarf-with-dsym";
				ENABLE_NS_ASSERTIONS = NO;
				ENABLE_STRICT_OBJC_MSGSEND = YES;
				GCC_C_LANGUAGE_STANDARD = gnu99;
				GCC_WARN_64_TO_32_BIT_CONVERSION = YES;
				GCC_WARN_ABOUT_RETURN_TYPE = YES_ERROR;
				GCC_WARN_UNDECLARED_SELECTOR = YES;
				GCC_WARN_UNINITIALIZED_AUTOS = YES_AGGRESSIVE;
				GCC_WARN_UNUSED_FUNCTION = YES;
				GCC_WARN_UNUSED_VARIABLE = YES;
				MACOSX_DEPLOYMENT_TARGET = 10.10;
				MTL_ENABLE_DEBUG_INFO = NO;
				SDKROOT = macosx;
			};
			name = Release;
		};
		2961CD851A696F380051DF06 /* Debug */ = {
			isa = XCBuildConfiguration;
			buildSettings = {
				INSTALL_PATH = /;
				PRODUCT_NAME = "$(TARGET_NAME)";
			};
			name = Debug;
		};
		2961CD861A696F380051DF06 /* Release */ = {
			isa = XCBuildConfiguration;
			buildSettings = {
				INSTALL_PATH = /;
				PRODUCT_NAME = "$(TARGET_NAME)";
			};
			name = Release;
		};
/* End XCBuildConfiguration section */

/* Begin XCConfigurationList section */
		2961CD781A696F380051DF06 /* Build configuration list for PBXProject "GLRect" */ = {
			isa = XCConfigurationList;
			buildConfigurations = (
				2961CD821A696F380051DF06 /* Debug */,
				2961CD831A696F380051DF06 /* Release */,
			);
			defaultConfigurationIsVisible = 0;
			defaultConfigurationName = Release;
		};
		2961CD841A696F380051DF06 /* Build configuration list for PBXNativeTarget "GLRect" */ = {
			isa = XCConfigurationList;
			buildConfigurations = (
				2961CD851A696F380051DF06 /* Debug */,
				2961CD861A696F380051DF06 /* Release */,
			);
			defaultConfigurationIsVisible = 0;
		};
/* End XCConfigurationList section */
	};
	rootObject = 2961CD751A696F380051DF06 /* Project object */;
}
